
Microsoft Visual Studio Solution File, Format Version 12.00
# Visual Studio Version 16
VisualStudioVersion = 16.0.30114.105
MinimumVisualStudioVersion = 10.0.40219.1
Project("{FAE04EC0-301F-11D3-BF4B-00C04F79EFBC}") = "ProjetoGestaoPOOFinal", "ProjetoGestãoPOOFinal\ProjetoGestaoPOOFinal.csproj", "{600911B0-707E-41EF-83BE-12DACEA26DFA}"
EndProject
Global
	GlobalSection(SolutionConfigurationPlatforms) = preSolution
		Debug|Any CPU = Debug|Any CPU
		Release|Any CPU = Release|Any CPU
	EndGlobalSection
	GlobalSection(ProjectConfigurationPlatforms) = postSolution
		{600911B0-707E-41EF-83BE-12DACEA26DFA}.Debug|Any CPU.ActiveCfg = Debug|Any CPU
		{600911B0-707E-41EF-83BE-12DACEA26DFA}.Debug|Any CPU.Build.0 = Debug|Any CPU
		{600911B0-707E-41EF-83BE-12DACEA26DFA}.Release|Any CPU.ActiveCfg = Release|Any CPU
		{600911B0-707E-41EF-83BE-12DACEA26DFA}.Release|Any CPU.Build.0 = Release|Any CPU
	EndGlobalSection
	GlobalSection(SolutionProperties) = preSolution
		HideSolutionNode = FALSE
	EndGlobalSection
	GlobalSection(ExtensibilityGlobals) = postSolution
		SolutionGuid = {21F24EA4-A5C3-481D-83CD-E091E558533E}
	EndGlobalSection
EndGlobal
